
Microsoft Visual Studio Solution File, Format Version 12.00
# Visual Studio Version 17
VisualStudioVersion = 17.4.33213.308
MinimumVisualStudioVersion = 10.0.40219.1
Project("{FAE04EC0-301F-11D3-BF4B-00C04F79EFBC}") = "P01_StudentSystem", "P01_StudentSystem\P01_StudentSystem.csproj", "{066B2F28-C7C6-4F51-B57E-437E810CCAD3}"
EndProject
Global
	GlobalSection(SolutionConfigurationPlatforms) = preSolution
		Debug|Any CPU = Debug|Any CPU
		Release|Any CPU = Release|Any CPU
	EndGlobalSection
	GlobalSection(ProjectConfigurationPlatforms) = postSolution
		{066B2F28-C7C6-4F51-B57E-437E810CCAD3}.Debug|Any CPU.ActiveCfg = Debug|Any CPU
		{066B2F28-C7C6-4F51-B57E-437E810CCAD3}.Debug|Any CPU.Build.0 = Debug|Any CPU
		{066B2F28-C7C6-4F51-B57E-437E810CCAD3}.Release|Any CPU.ActiveCfg = Release|Any CPU
		{066B2F28-C7C6-4F51-B57E-437E810CCAD3}.Release|Any CPU.Build.0 = Release|Any CPU
	EndGlobalSection
	GlobalSection(SolutionProperties) = preSolution
		HideSolutionNode = FALSE
	EndGlobalSection
	GlobalSection(ExtensibilityGlobals) = postSolution
		SolutionGuid = {1A2EA4C4-7F6E-4B9D-9211-6B4C51352017}
	EndGlobalSection
EndGlobal
