
Microsoft Visual Studio Solution File, Format Version 12.00
# Visual Studio Version 17
VisualStudioVersion = 17.1.32407.343
MinimumVisualStudioVersion = 10.0.40219.1
Project("{9A19103F-16F7-4668-BE54-9A1E7A4F7556}") = "1. Encrypt, Sort and Print Array", "ArrayMore\1. Encrypt, Sort and Print Array.csproj", "{D9E2D16F-56E8-4FB4-894C-0055D7E93E96}"
EndProject
Project("{9A19103F-16F7-4668-BE54-9A1E7A4F7556}") = "2. PascalTriangle", "2. PascalTriangle\2. PascalTriangle.csproj", "{842CD387-765F-4999-9A18-B3D810577446}"
EndProject
Project("{9A19103F-16F7-4668-BE54-9A1E7A4F7556}") = "4. Fold and Sum", "4. Fold and Sum\4. Fold and Sum.csproj", "{3D0BAD2F-1952-4823-AD16-12367C40D81F}"
EndProject
Project("{9A19103F-16F7-4668-BE54-9A1E7A4F7556}") = "3. Recursive Fibonacci", "3. Recursive Fibonacci\3. Recursive Fibonacci.csproj", "{1DA66094-FA7A-4640-969C-E94CE8B9A73E}"
EndProject
Project("{9A19103F-16F7-4668-BE54-9A1E7A4F7556}") = "5. Longest Increasing Subsequence (LIS)", "5. Longest Increasing Subsequence (LIS)\5. Longest Increasing Subsequence (LIS).csproj", "{8FF58B40-1163-4912-B628-41592F2B61A2}"
EndProject
Project("{FAE04EC0-301F-11D3-BF4B-00C04F79EFBC}") = "6. Repeat", "6. Repeat\6. Repeat.csproj", "{C1CCFAF8-01F4-4E9F-8773-60A91F4F412C}"
EndProject
Global
	GlobalSection(SolutionConfigurationPlatforms) = preSolution
		Debug|Any CPU = Debug|Any CPU
		Release|Any CPU = Release|Any CPU
	EndGlobalSection
	GlobalSection(ProjectConfigurationPlatforms) = postSolution
		{D9E2D16F-56E8-4FB4-894C-0055D7E93E96}.Debug|Any CPU.ActiveCfg = Debug|Any CPU
		{D9E2D16F-56E8-4FB4-894C-0055D7E93E96}.Debug|Any CPU.Build.0 = Debug|Any CPU
		{D9E2D16F-56E8-4FB4-894C-0055D7E93E96}.Release|Any CPU.ActiveCfg = Release|Any CPU
		{D9E2D16F-56E8-4FB4-894C-0055D7E93E96}.Release|Any CPU.Build.0 = Release|Any CPU
		{842CD387-765F-4999-9A18-B3D810577446}.Debug|Any CPU.ActiveCfg = Debug|Any CPU
		{842CD387-765F-4999-9A18-B3D810577446}.Debug|Any CPU.Build.0 = Debug|Any CPU
		{842CD387-765F-4999-9A18-B3D810577446}.Release|Any CPU.ActiveCfg = Release|Any CPU
		{842CD387-765F-4999-9A18-B3D810577446}.Release|Any CPU.Build.0 = Release|Any CPU
		{3D0BAD2F-1952-4823-AD16-12367C40D81F}.Debug|Any CPU.ActiveCfg = Debug|Any CPU
		{3D0BAD2F-1952-4823-AD16-12367C40D81F}.Debug|Any CPU.Build.0 = Debug|Any CPU
		{3D0BAD2F-1952-4823-AD16-12367C40D81F}.Release|Any CPU.ActiveCfg = Release|Any CPU
		{3D0BAD2F-1952-4823-AD16-12367C40D81F}.Release|Any CPU.Build.0 = Release|Any CPU
		{1DA66094-FA7A-4640-969C-E94CE8B9A73E}.Debug|Any CPU.ActiveCfg = Debug|Any CPU
		{1DA66094-FA7A-4640-969C-E94CE8B9A73E}.Debug|Any CPU.Build.0 = Debug|Any CPU
		{1DA66094-FA7A-4640-969C-E94CE8B9A73E}.Release|Any CPU.ActiveCfg = Release|Any CPU
		{1DA66094-FA7A-4640-969C-E94CE8B9A73E}.Release|Any CPU.Build.0 = Release|Any CPU
		{8FF58B40-1163-4912-B628-41592F2B61A2}.Debug|Any CPU.ActiveCfg = Debug|Any CPU
		{8FF58B40-1163-4912-B628-41592F2B61A2}.Debug|Any CPU.Build.0 = Debug|Any CPU
		{8FF58B40-1163-4912-B628-41592F2B61A2}.Release|Any CPU.ActiveCfg = Release|Any CPU
		{8FF58B40-1163-4912-B628-41592F2B61A2}.Release|Any CPU.Build.0 = Release|Any CPU
		{C1CCFAF8-01F4-4E9F-8773-60A91F4F412C}.Debug|Any CPU.ActiveCfg = Debug|Any CPU
		{C1CCFAF8-01F4-4E9F-8773-60A91F4F412C}.Debug|Any CPU.Build.0 = Debug|Any CPU
		{C1CCFAF8-01F4-4E9F-8773-60A91F4F412C}.Release|Any CPU.ActiveCfg = Release|Any CPU
		{C1CCFAF8-01F4-4E9F-8773-60A91F4F412C}.Release|Any CPU.Build.0 = Release|Any CPU
	EndGlobalSection
	GlobalSection(SolutionProperties) = preSolution
		HideSolutionNode = FALSE
	EndGlobalSection
	GlobalSection(ExtensibilityGlobals) = postSolution
		SolutionGuid = {F2C987CF-38C9-4C02-A04C-ECD7645CBE3D}
	EndGlobalSection
EndGlobal
