
Microsoft Visual Studio Solution File, Format Version 12.00
# Visual Studio Version 17
VisualStudioVersion = 17.1.32407.343
MinimumVisualStudioVersion = 10.0.40219.1
Project("{9A19103F-16F7-4668-BE54-9A1E7A4F7556}") = "1. Extract Person Information", "StringAndTextExercisesMore\1. Extract Person Information.csproj", "{DD780A3D-F369-4321-AF82-3ADF6F6127EB}"
EndProject
Project("{9A19103F-16F7-4668-BE54-9A1E7A4F7556}") = "2. Ascii Sumator", "2. Ascii Sumator\2. Ascii Sumator.csproj", "{AEFB9476-C2FA-4A21-B527-FF8825765D7E}"
EndProject
Project("{9A19103F-16F7-4668-BE54-9A1E7A4F7556}") = "3. Treasure Finder", "3. Treasure Finder\3. Treasure Finder.csproj", "{1E95CE6A-1D01-40DA-9C11-DEAF00CA6702}"
EndProject
Project("{FAE04EC0-301F-11D3-BF4B-00C04F79EFBC}") = "4. Morse Code Translator", "4. Morse Code Translator\4. Morse Code Translator.csproj", "{3D7DD9C9-FB71-4737-AA01-F70F461377AE}"
EndProject
Project("{FAE04EC0-301F-11D3-BF4B-00C04F79EFBC}") = "5. HTML", "5. HTML\5. HTML.csproj", "{8F8E07A8-2DC3-448F-BCA8-C0E5783DBF4A}"
EndProject
Global
	GlobalSection(SolutionConfigurationPlatforms) = preSolution
		Debug|Any CPU = Debug|Any CPU
		Release|Any CPU = Release|Any CPU
	EndGlobalSection
	GlobalSection(ProjectConfigurationPlatforms) = postSolution
		{DD780A3D-F369-4321-AF82-3ADF6F6127EB}.Debug|Any CPU.ActiveCfg = Debug|Any CPU
		{DD780A3D-F369-4321-AF82-3ADF6F6127EB}.Debug|Any CPU.Build.0 = Debug|Any CPU
		{DD780A3D-F369-4321-AF82-3ADF6F6127EB}.Release|Any CPU.ActiveCfg = Release|Any CPU
		{DD780A3D-F369-4321-AF82-3ADF6F6127EB}.Release|Any CPU.Build.0 = Release|Any CPU
		{AEFB9476-C2FA-4A21-B527-FF8825765D7E}.Debug|Any CPU.ActiveCfg = Debug|Any CPU
		{AEFB9476-C2FA-4A21-B527-FF8825765D7E}.Debug|Any CPU.Build.0 = Debug|Any CPU
		{AEFB9476-C2FA-4A21-B527-FF8825765D7E}.Release|Any CPU.ActiveCfg = Release|Any CPU
		{AEFB9476-C2FA-4A21-B527-FF8825765D7E}.Release|Any CPU.Build.0 = Release|Any CPU
		{1E95CE6A-1D01-40DA-9C11-DEAF00CA6702}.Debug|Any CPU.ActiveCfg = Debug|Any CPU
		{1E95CE6A-1D01-40DA-9C11-DEAF00CA6702}.Debug|Any CPU.Build.0 = Debug|Any CPU
		{1E95CE6A-1D01-40DA-9C11-DEAF00CA6702}.Release|Any CPU.ActiveCfg = Release|Any CPU
		{1E95CE6A-1D01-40DA-9C11-DEAF00CA6702}.Release|Any CPU.Build.0 = Release|Any CPU
		{3D7DD9C9-FB71-4737-AA01-F70F461377AE}.Debug|Any CPU.ActiveCfg = Debug|Any CPU
		{3D7DD9C9-FB71-4737-AA01-F70F461377AE}.Debug|Any CPU.Build.0 = Debug|Any CPU
		{3D7DD9C9-FB71-4737-AA01-F70F461377AE}.Release|Any CPU.ActiveCfg = Release|Any CPU
		{3D7DD9C9-FB71-4737-AA01-F70F461377AE}.Release|Any CPU.Build.0 = Release|Any CPU
		{8F8E07A8-2DC3-448F-BCA8-C0E5783DBF4A}.Debug|Any CPU.ActiveCfg = Debug|Any CPU
		{8F8E07A8-2DC3-448F-BCA8-C0E5783DBF4A}.Debug|Any CPU.Build.0 = Debug|Any CPU
		{8F8E07A8-2DC3-448F-BCA8-C0E5783DBF4A}.Release|Any CPU.ActiveCfg = Release|Any CPU
		{8F8E07A8-2DC3-448F-BCA8-C0E5783DBF4A}.Release|Any CPU.Build.0 = Release|Any CPU
	EndGlobalSection
	GlobalSection(SolutionProperties) = preSolution
		HideSolutionNode = FALSE
	EndGlobalSection
	GlobalSection(ExtensibilityGlobals) = postSolution
		SolutionGuid = {29B10A84-537D-47D3-8927-20CC69C6A139}
	EndGlobalSection
EndGlobal
